
Microsoft Visual Studio Solution File, Format Version 12.00
# Visual Studio 15
Project("{FAE04EC0-301F-11D3-BF4B-00C04F79EFBC}") = "MarsRover.Core", "MarsRover.Core\MarsRover.Core.csproj", "{9290A477-2D86-4DB9-A021-F981DFB9C55A}"
EndProject
Project("{FAE04EC0-301F-11D3-BF4B-00C04F79EFBC}") = "MarsRover.UI", "MarsRover.UI\MarsRover.UI.csproj", "{8804F390-5A66-4B62-8DB3-DBC35E86E048}"
EndProject
Project("{FAE04EC0-301F-11D3-BF4B-00C04F79EFBC}") = "MarsRover.Tests", "MarsRover.Tests\MarsRover.Tests.csproj", "{ED70DA11-9853-4B8B-A410-5C8B42F5CDF7}"
EndProject
Global
	GlobalSection(SolutionConfigurationPlatforms) = preSolution
		Debug|Any CPU = Debug|Any CPU
		Release|Any CPU = Release|Any CPU
	EndGlobalSection
	GlobalSection(ProjectConfigurationPlatforms) = postSolution
		{9290A477-2D86-4DB9-A021-F981DFB9C55A}.Debug|Any CPU.ActiveCfg = Debug|Any CPU
		{9290A477-2D86-4DB9-A021-F981DFB9C55A}.Debug|Any CPU.Build.0 = Debug|Any CPU
		{9290A477-2D86-4DB9-A021-F981DFB9C55A}.Release|Any CPU.ActiveCfg = Release|Any CPU
		{9290A477-2D86-4DB9-A021-F981DFB9C55A}.Release|Any CPU.Build.0 = Release|Any CPU
		{8804F390-5A66-4B62-8DB3-DBC35E86E048}.Debug|Any CPU.ActiveCfg = Debug|Any CPU
		{8804F390-5A66-4B62-8DB3-DBC35E86E048}.Debug|Any CPU.Build.0 = Debug|Any CPU
		{8804F390-5A66-4B62-8DB3-DBC35E86E048}.Release|Any CPU.ActiveCfg = Release|Any CPU
		{8804F390-5A66-4B62-8DB3-DBC35E86E048}.Release|Any CPU.Build.0 = Release|Any CPU
		{ED70DA11-9853-4B8B-A410-5C8B42F5CDF7}.Debug|Any CPU.ActiveCfg = Debug|Any CPU
		{ED70DA11-9853-4B8B-A410-5C8B42F5CDF7}.Debug|Any CPU.Build.0 = Debug|Any CPU
		{ED70DA11-9853-4B8B-A410-5C8B42F5CDF7}.Release|Any CPU.ActiveCfg = Release|Any CPU
		{ED70DA11-9853-4B8B-A410-5C8B42F5CDF7}.Release|Any CPU.Build.0 = Release|Any CPU
	EndGlobalSection
EndGlobal
